
Microsoft Visual Studio Solution File, Format Version 12.00
# Visual Studio Version 17
VisualStudioVersion = 17.8.34322.80
MinimumVisualStudioVersion = 10.0.40219.1
Project("{9A19103F-16F7-4668-BE54-9A1E7A4F7556}") = "StudentExamSystem", "StudentExamSystem\StudentExamSystem.csproj", "{0FDB4243-C37A-4D9A-AA1B-C6DCE2CEC9FF}"
EndProject
Project("{9A19103F-16F7-4668-BE54-9A1E7A4F7556}") = "App", "Business\App.csproj", "{F29CD5EB-31EA-48BA-9981-32DDE10E700A}"
EndProject
Project("{9A19103F-16F7-4668-BE54-9A1E7A4F7556}") = "SES_Gen_CLI", "SES_CLI\SES_Gen_CLI.csproj", "{088CA474-B0D2-4EBE-BEFD-E4E87373F579}"
EndProject
Project("{9A19103F-16F7-4668-BE54-9A1E7A4F7556}") = "Entity", "Entity\Entity.csproj", "{455858E0-51D2-4CCD-BDDE-F24E9D01E4E8}"
EndProject
Project("{FAE04EC0-301F-11D3-BF4B-00C04F79EFBC}") = "DataAccess", "DataAccess\DataAccess.csproj", "{496B746D-A49D-4156-91C2-106B8B4AED14}"
EndProject
Global
	GlobalSection(SolutionConfigurationPlatforms) = preSolution
		Debug|Any CPU = Debug|Any CPU
		Release|Any CPU = Release|Any CPU
	EndGlobalSection
	GlobalSection(ProjectConfigurationPlatforms) = postSolution
		{0FDB4243-C37A-4D9A-AA1B-C6DCE2CEC9FF}.Debug|Any CPU.ActiveCfg = Debug|Any CPU
		{0FDB4243-C37A-4D9A-AA1B-C6DCE2CEC9FF}.Debug|Any CPU.Build.0 = Debug|Any CPU
		{0FDB4243-C37A-4D9A-AA1B-C6DCE2CEC9FF}.Release|Any CPU.ActiveCfg = Release|Any CPU
		{0FDB4243-C37A-4D9A-AA1B-C6DCE2CEC9FF}.Release|Any CPU.Build.0 = Release|Any CPU
		{F29CD5EB-31EA-48BA-9981-32DDE10E700A}.Debug|Any CPU.ActiveCfg = Debug|Any CPU
		{F29CD5EB-31EA-48BA-9981-32DDE10E700A}.Debug|Any CPU.Build.0 = Debug|Any CPU
		{F29CD5EB-31EA-48BA-9981-32DDE10E700A}.Release|Any CPU.ActiveCfg = Release|Any CPU
		{F29CD5EB-31EA-48BA-9981-32DDE10E700A}.Release|Any CPU.Build.0 = Release|Any CPU
		{088CA474-B0D2-4EBE-BEFD-E4E87373F579}.Debug|Any CPU.ActiveCfg = Debug|Any CPU
		{088CA474-B0D2-4EBE-BEFD-E4E87373F579}.Debug|Any CPU.Build.0 = Debug|Any CPU
		{088CA474-B0D2-4EBE-BEFD-E4E87373F579}.Release|Any CPU.ActiveCfg = Release|Any CPU
		{088CA474-B0D2-4EBE-BEFD-E4E87373F579}.Release|Any CPU.Build.0 = Release|Any CPU
		{455858E0-51D2-4CCD-BDDE-F24E9D01E4E8}.Debug|Any CPU.ActiveCfg = Debug|Any CPU
		{455858E0-51D2-4CCD-BDDE-F24E9D01E4E8}.Debug|Any CPU.Build.0 = Debug|Any CPU
		{455858E0-51D2-4CCD-BDDE-F24E9D01E4E8}.Release|Any CPU.ActiveCfg = Release|Any CPU
		{455858E0-51D2-4CCD-BDDE-F24E9D01E4E8}.Release|Any CPU.Build.0 = Release|Any CPU
		{496B746D-A49D-4156-91C2-106B8B4AED14}.Debug|Any CPU.ActiveCfg = Debug|Any CPU
		{496B746D-A49D-4156-91C2-106B8B4AED14}.Debug|Any CPU.Build.0 = Debug|Any CPU
		{496B746D-A49D-4156-91C2-106B8B4AED14}.Release|Any CPU.ActiveCfg = Release|Any CPU
		{496B746D-A49D-4156-91C2-106B8B4AED14}.Release|Any CPU.Build.0 = Release|Any CPU
	EndGlobalSection
	GlobalSection(SolutionProperties) = preSolution
		HideSolutionNode = FALSE
	EndGlobalSection
	GlobalSection(ExtensibilityGlobals) = postSolution
		SolutionGuid = {39CF152C-4BD0-42A7-A568-9F7F8F2749E3}
	EndGlobalSection
EndGlobal
