
Microsoft Visual Studio Solution File, Format Version 12.00
# Visual Studio Version 17
VisualStudioVersion = 17.8.34322.80
MinimumVisualStudioVersion = 10.0.40219.1
Project("{2150E333-8FDC-42A3-9474-1A3956D46DE8}") = "Solution Items", "Solution Items", "{DBAC2AD8-3B5A-434C-8D7C-10E33B92A95E}"
	ProjectSection(SolutionItems) = preProject
		.editorconfig = .editorconfig
		..\..\..\..\Desktop\nArchitecture.Core-39bed820ac179a36b38277cf0c97b81999a3472e\CorePackages.sln = ..\..\..\..\Desktop\nArchitecture.Core-39bed820ac179a36b38277cf0c97b81999a3472e\CorePackages.sln
	EndProjectSection
EndProject
Project("{2150E333-8FDC-42A3-9474-1A3956D46DE8}") = "SES", "SES", "{404DE638-8DE2-4B40-A02A-BE41DD267D5F}"
EndProject
Project("{9A19103F-16F7-4668-BE54-9A1E7A4F7556}") = "SES_GUI", "Src\SES\SES_GUI\SES_GUI.csproj", "{52C3EAFC-3183-4B9C-A902-A8AAC34353B5}"
EndProject
Project("{9A19103F-16F7-4668-BE54-9A1E7A4F7556}") = "SES_Gen_CLI", "Src\SES\SES_CLI\SES_Gen_CLI.csproj", "{DC18B253-AA53-4F46-9D29-81AB72EE0917}"
EndProject
Project("{9A19103F-16F7-4668-BE54-9A1E7A4F7556}") = "Persistence", "Src\SES\Persistence\Persistence.csproj", "{648BB40A-BAB1-474A-832C-8A6D48DF7790}"
EndProject
Project("{9A19103F-16F7-4668-BE54-9A1E7A4F7556}") = "BlazorWebUI", "Src\SES\BlazorWebUI\BlazorWebUI\BlazorWebUI.csproj", "{F8E45B69-A38C-46E9-83B7-55AF61FAD940}"
EndProject
Project("{9A19103F-16F7-4668-BE54-9A1E7A4F7556}") = "BlazorWebUI.Client", "Src\SES\BlazorWebUI\BlazorWebUI.Client\BlazorWebUI.Client.csproj", "{BAC25CCE-719F-41E5-8224-585D10D049F2}"
EndProject
Project("{9A19103F-16F7-4668-BE54-9A1E7A4F7556}") = "Application", "Src\SES\Application\Application.csproj", "{B9BC3E5E-92E6-4083-B010-9AA9BD84B44A}"
EndProject
Project("{9A19103F-16F7-4668-BE54-9A1E7A4F7556}") = "WebAPI", "Src\SES\WebAPI\WebAPI.csproj", "{A65980A1-EEA7-4951-85B6-5C167FF04656}"
EndProject
Project("{9A19103F-16F7-4668-BE54-9A1E7A4F7556}") = "Domain", "Src\SES\Domain\Domain.csproj", "{804691E7-A6BC-49D1-9874-C0A16B3CE40A}"
EndProject
Global
	GlobalSection(SolutionConfigurationPlatforms) = preSolution
		Debug|Any CPU = Debug|Any CPU
		Release|Any CPU = Release|Any CPU
	EndGlobalSection
	GlobalSection(ProjectConfigurationPlatforms) = postSolution
		{52C3EAFC-3183-4B9C-A902-A8AAC34353B5}.Debug|Any CPU.ActiveCfg = Debug|Any CPU
		{52C3EAFC-3183-4B9C-A902-A8AAC34353B5}.Debug|Any CPU.Build.0 = Debug|Any CPU
		{52C3EAFC-3183-4B9C-A902-A8AAC34353B5}.Release|Any CPU.ActiveCfg = Release|Any CPU
		{52C3EAFC-3183-4B9C-A902-A8AAC34353B5}.Release|Any CPU.Build.0 = Release|Any CPU
		{DC18B253-AA53-4F46-9D29-81AB72EE0917}.Debug|Any CPU.ActiveCfg = Debug|Any CPU
		{DC18B253-AA53-4F46-9D29-81AB72EE0917}.Debug|Any CPU.Build.0 = Debug|Any CPU
		{DC18B253-AA53-4F46-9D29-81AB72EE0917}.Release|Any CPU.ActiveCfg = Release|Any CPU
		{DC18B253-AA53-4F46-9D29-81AB72EE0917}.Release|Any CPU.Build.0 = Release|Any CPU
		{648BB40A-BAB1-474A-832C-8A6D48DF7790}.Debug|Any CPU.ActiveCfg = Debug|Any CPU
		{648BB40A-BAB1-474A-832C-8A6D48DF7790}.Debug|Any CPU.Build.0 = Debug|Any CPU
		{648BB40A-BAB1-474A-832C-8A6D48DF7790}.Release|Any CPU.ActiveCfg = Release|Any CPU
		{648BB40A-BAB1-474A-832C-8A6D48DF7790}.Release|Any CPU.Build.0 = Release|Any CPU
		{F8E45B69-A38C-46E9-83B7-55AF61FAD940}.Debug|Any CPU.ActiveCfg = Debug|Any CPU
		{F8E45B69-A38C-46E9-83B7-55AF61FAD940}.Debug|Any CPU.Build.0 = Debug|Any CPU
		{F8E45B69-A38C-46E9-83B7-55AF61FAD940}.Release|Any CPU.ActiveCfg = Release|Any CPU
		{F8E45B69-A38C-46E9-83B7-55AF61FAD940}.Release|Any CPU.Build.0 = Release|Any CPU
		{BAC25CCE-719F-41E5-8224-585D10D049F2}.Debug|Any CPU.ActiveCfg = Debug|Any CPU
		{BAC25CCE-719F-41E5-8224-585D10D049F2}.Debug|Any CPU.Build.0 = Debug|Any CPU
		{BAC25CCE-719F-41E5-8224-585D10D049F2}.Release|Any CPU.ActiveCfg = Release|Any CPU
		{BAC25CCE-719F-41E5-8224-585D10D049F2}.Release|Any CPU.Build.0 = Release|Any CPU
		{B9BC3E5E-92E6-4083-B010-9AA9BD84B44A}.Debug|Any CPU.ActiveCfg = Debug|Any CPU
		{B9BC3E5E-92E6-4083-B010-9AA9BD84B44A}.Debug|Any CPU.Build.0 = Debug|Any CPU
		{B9BC3E5E-92E6-4083-B010-9AA9BD84B44A}.Release|Any CPU.ActiveCfg = Release|Any CPU
		{B9BC3E5E-92E6-4083-B010-9AA9BD84B44A}.Release|Any CPU.Build.0 = Release|Any CPU
		{A65980A1-EEA7-4951-85B6-5C167FF04656}.Debug|Any CPU.ActiveCfg = Debug|Any CPU
		{A65980A1-EEA7-4951-85B6-5C167FF04656}.Debug|Any CPU.Build.0 = Debug|Any CPU
		{A65980A1-EEA7-4951-85B6-5C167FF04656}.Release|Any CPU.ActiveCfg = Release|Any CPU
		{A65980A1-EEA7-4951-85B6-5C167FF04656}.Release|Any CPU.Build.0 = Release|Any CPU
		{804691E7-A6BC-49D1-9874-C0A16B3CE40A}.Debug|Any CPU.ActiveCfg = Debug|Any CPU
		{804691E7-A6BC-49D1-9874-C0A16B3CE40A}.Debug|Any CPU.Build.0 = Debug|Any CPU
		{804691E7-A6BC-49D1-9874-C0A16B3CE40A}.Release|Any CPU.ActiveCfg = Release|Any CPU
		{804691E7-A6BC-49D1-9874-C0A16B3CE40A}.Release|Any CPU.Build.0 = Release|Any CPU
	EndGlobalSection
	GlobalSection(SolutionProperties) = preSolution
		HideSolutionNode = FALSE
	EndGlobalSection
	GlobalSection(NestedProjects) = preSolution
		{52C3EAFC-3183-4B9C-A902-A8AAC34353B5} = {404DE638-8DE2-4B40-A02A-BE41DD267D5F}
		{DC18B253-AA53-4F46-9D29-81AB72EE0917} = {404DE638-8DE2-4B40-A02A-BE41DD267D5F}
		{648BB40A-BAB1-474A-832C-8A6D48DF7790} = {404DE638-8DE2-4B40-A02A-BE41DD267D5F}
		{F8E45B69-A38C-46E9-83B7-55AF61FAD940} = {404DE638-8DE2-4B40-A02A-BE41DD267D5F}
		{BAC25CCE-719F-41E5-8224-585D10D049F2} = {404DE638-8DE2-4B40-A02A-BE41DD267D5F}
		{B9BC3E5E-92E6-4083-B010-9AA9BD84B44A} = {404DE638-8DE2-4B40-A02A-BE41DD267D5F}
		{A65980A1-EEA7-4951-85B6-5C167FF04656} = {404DE638-8DE2-4B40-A02A-BE41DD267D5F}
		{804691E7-A6BC-49D1-9874-C0A16B3CE40A} = {404DE638-8DE2-4B40-A02A-BE41DD267D5F}
	EndGlobalSection
	GlobalSection(ExtensibilityGlobals) = postSolution
		SolutionGuid = {39CF152C-4BD0-42A7-A568-9F7F8F2749E3}
	EndGlobalSection
EndGlobal
