
Microsoft Visual Studio Solution File, Format Version 12.00
# Visual Studio Version 17
VisualStudioVersion = 17.8.34322.80
MinimumVisualStudioVersion = 10.0.40219.1
Project("{2150E333-8FDC-42A3-9474-1A3956D46DE8}") = "Solution Items", "Solution Items", "{DBAC2AD8-3B5A-434C-8D7C-10E33B92A95E}"
	ProjectSection(SolutionItems) = preProject
		.editorconfig = .editorconfig
		..\..\..\..\Desktop\nArchitecture.Core-39bed820ac179a36b38277cf0c97b81999a3472e\CorePackages.sln = ..\..\..\..\Desktop\nArchitecture.Core-39bed820ac179a36b38277cf0c97b81999a3472e\CorePackages.sln
	EndProjectSection
EndProject
Project("{2150E333-8FDC-42A3-9474-1A3956D46DE8}") = "SES", "SES", "{404DE638-8DE2-4B40-A02A-BE41DD267D5F}"
EndProject
Project("{9A19103F-16F7-4668-BE54-9A1E7A4F7556}") = "Entity", "Src\SES\Entity\Entity.csproj", "{E2E5C591-F38B-47EE-B789-052940C189A4}"
EndProject
Project("{9A19103F-16F7-4668-BE54-9A1E7A4F7556}") = "App", "Src\SES\App\App.csproj", "{47678BBA-0E25-4671-A89E-A2B52CF7548D}"
EndProject
Project("{9A19103F-16F7-4668-BE54-9A1E7A4F7556}") = "SES_GUI", "Src\SES\SES_GUI\SES_GUI.csproj", "{52C3EAFC-3183-4B9C-A902-A8AAC34353B5}"
EndProject
Project("{9A19103F-16F7-4668-BE54-9A1E7A4F7556}") = "SES_Gen_CLI", "Src\SES\SES_CLI\SES_Gen_CLI.csproj", "{DC18B253-AA53-4F46-9D29-81AB72EE0917}"
EndProject
Project("{2150E333-8FDC-42A3-9474-1A3956D46DE8}") = "Core", "Core", "{E2283CEC-AA60-4128-8058-E05E1652CB79}"
EndProject
Project("{9A19103F-16F7-4668-BE54-9A1E7A4F7556}") = "Persistence", "Src\SES\Persistence\Persistence.csproj", "{648BB40A-BAB1-474A-832C-8A6D48DF7790}"
EndProject
Project("{9A19103F-16F7-4668-BE54-9A1E7A4F7556}") = "MigApi", "Src\SES\MigApi\MigApi.csproj", "{B2D6591E-583E-46AF-A93F-8DD62AFEA9FE}"
	ProjectSection(ProjectDependencies) = postProject
		{7536842F-33EC-4FC7-B8E4-D741F5E18BFC} = {7536842F-33EC-4FC7-B8E4-D741F5E18BFC}
		{A4B55265-CC23-460B-953C-F20264782061} = {A4B55265-CC23-460B-953C-F20264782061}
		{B7543725-94DE-4487-BC26-EFC9309F002F} = {B7543725-94DE-4487-BC26-EFC9309F002F}
	EndProjectSection
EndProject
Project("{9A19103F-16F7-4668-BE54-9A1E7A4F7556}") = "Core.Persistence", "Src\Core\Core.Persistence\Core.Persistence.csproj", "{B7543725-94DE-4487-BC26-EFC9309F002F}"
EndProject
Project("{9A19103F-16F7-4668-BE54-9A1E7A4F7556}") = "Core.Persistence.DependencyInjection", "Src\Core\Core.Persistence.DependencyInjection\Core.Persistence.DependencyInjection.csproj", "{A4B55265-CC23-460B-953C-F20264782061}"
EndProject
Project("{9A19103F-16F7-4668-BE54-9A1E7A4F7556}") = "Core.Persistence.WebApi", "Src\Core\Core.Persistence.WebApi\Core.Persistence.WebApi.csproj", "{7536842F-33EC-4FC7-B8E4-D741F5E18BFC}"
EndProject
Global
	GlobalSection(SolutionConfigurationPlatforms) = preSolution
		Debug|Any CPU = Debug|Any CPU
		Release|Any CPU = Release|Any CPU
	EndGlobalSection
	GlobalSection(ProjectConfigurationPlatforms) = postSolution
		{E2E5C591-F38B-47EE-B789-052940C189A4}.Debug|Any CPU.ActiveCfg = Debug|Any CPU
		{E2E5C591-F38B-47EE-B789-052940C189A4}.Debug|Any CPU.Build.0 = Debug|Any CPU
		{E2E5C591-F38B-47EE-B789-052940C189A4}.Release|Any CPU.ActiveCfg = Release|Any CPU
		{E2E5C591-F38B-47EE-B789-052940C189A4}.Release|Any CPU.Build.0 = Release|Any CPU
		{47678BBA-0E25-4671-A89E-A2B52CF7548D}.Debug|Any CPU.ActiveCfg = Debug|Any CPU
		{47678BBA-0E25-4671-A89E-A2B52CF7548D}.Debug|Any CPU.Build.0 = Debug|Any CPU
		{47678BBA-0E25-4671-A89E-A2B52CF7548D}.Release|Any CPU.ActiveCfg = Release|Any CPU
		{47678BBA-0E25-4671-A89E-A2B52CF7548D}.Release|Any CPU.Build.0 = Release|Any CPU
		{52C3EAFC-3183-4B9C-A902-A8AAC34353B5}.Debug|Any CPU.ActiveCfg = Debug|Any CPU
		{52C3EAFC-3183-4B9C-A902-A8AAC34353B5}.Debug|Any CPU.Build.0 = Debug|Any CPU
		{52C3EAFC-3183-4B9C-A902-A8AAC34353B5}.Release|Any CPU.ActiveCfg = Release|Any CPU
		{52C3EAFC-3183-4B9C-A902-A8AAC34353B5}.Release|Any CPU.Build.0 = Release|Any CPU
		{DC18B253-AA53-4F46-9D29-81AB72EE0917}.Debug|Any CPU.ActiveCfg = Debug|Any CPU
		{DC18B253-AA53-4F46-9D29-81AB72EE0917}.Debug|Any CPU.Build.0 = Debug|Any CPU
		{DC18B253-AA53-4F46-9D29-81AB72EE0917}.Release|Any CPU.ActiveCfg = Release|Any CPU
		{DC18B253-AA53-4F46-9D29-81AB72EE0917}.Release|Any CPU.Build.0 = Release|Any CPU
		{648BB40A-BAB1-474A-832C-8A6D48DF7790}.Debug|Any CPU.ActiveCfg = Debug|Any CPU
		{648BB40A-BAB1-474A-832C-8A6D48DF7790}.Debug|Any CPU.Build.0 = Debug|Any CPU
		{648BB40A-BAB1-474A-832C-8A6D48DF7790}.Release|Any CPU.ActiveCfg = Release|Any CPU
		{648BB40A-BAB1-474A-832C-8A6D48DF7790}.Release|Any CPU.Build.0 = Release|Any CPU
		{B2D6591E-583E-46AF-A93F-8DD62AFEA9FE}.Debug|Any CPU.ActiveCfg = Debug|Any CPU
		{B2D6591E-583E-46AF-A93F-8DD62AFEA9FE}.Debug|Any CPU.Build.0 = Debug|Any CPU
		{B2D6591E-583E-46AF-A93F-8DD62AFEA9FE}.Release|Any CPU.ActiveCfg = Release|Any CPU
		{B2D6591E-583E-46AF-A93F-8DD62AFEA9FE}.Release|Any CPU.Build.0 = Release|Any CPU
		{B7543725-94DE-4487-BC26-EFC9309F002F}.Debug|Any CPU.ActiveCfg = Debug|Any CPU
		{B7543725-94DE-4487-BC26-EFC9309F002F}.Debug|Any CPU.Build.0 = Debug|Any CPU
		{B7543725-94DE-4487-BC26-EFC9309F002F}.Release|Any CPU.ActiveCfg = Release|Any CPU
		{B7543725-94DE-4487-BC26-EFC9309F002F}.Release|Any CPU.Build.0 = Release|Any CPU
		{A4B55265-CC23-460B-953C-F20264782061}.Debug|Any CPU.ActiveCfg = Debug|Any CPU
		{A4B55265-CC23-460B-953C-F20264782061}.Debug|Any CPU.Build.0 = Debug|Any CPU
		{A4B55265-CC23-460B-953C-F20264782061}.Release|Any CPU.ActiveCfg = Release|Any CPU
		{A4B55265-CC23-460B-953C-F20264782061}.Release|Any CPU.Build.0 = Release|Any CPU
		{7536842F-33EC-4FC7-B8E4-D741F5E18BFC}.Debug|Any CPU.ActiveCfg = Debug|Any CPU
		{7536842F-33EC-4FC7-B8E4-D741F5E18BFC}.Debug|Any CPU.Build.0 = Debug|Any CPU
		{7536842F-33EC-4FC7-B8E4-D741F5E18BFC}.Release|Any CPU.ActiveCfg = Release|Any CPU
		{7536842F-33EC-4FC7-B8E4-D741F5E18BFC}.Release|Any CPU.Build.0 = Release|Any CPU
	EndGlobalSection
	GlobalSection(SolutionProperties) = preSolution
		HideSolutionNode = FALSE
	EndGlobalSection
	GlobalSection(NestedProjects) = preSolution
		{E2E5C591-F38B-47EE-B789-052940C189A4} = {404DE638-8DE2-4B40-A02A-BE41DD267D5F}
		{47678BBA-0E25-4671-A89E-A2B52CF7548D} = {404DE638-8DE2-4B40-A02A-BE41DD267D5F}
		{52C3EAFC-3183-4B9C-A902-A8AAC34353B5} = {404DE638-8DE2-4B40-A02A-BE41DD267D5F}
		{DC18B253-AA53-4F46-9D29-81AB72EE0917} = {404DE638-8DE2-4B40-A02A-BE41DD267D5F}
		{648BB40A-BAB1-474A-832C-8A6D48DF7790} = {404DE638-8DE2-4B40-A02A-BE41DD267D5F}
		{B2D6591E-583E-46AF-A93F-8DD62AFEA9FE} = {404DE638-8DE2-4B40-A02A-BE41DD267D5F}
		{B7543725-94DE-4487-BC26-EFC9309F002F} = {E2283CEC-AA60-4128-8058-E05E1652CB79}
		{A4B55265-CC23-460B-953C-F20264782061} = {E2283CEC-AA60-4128-8058-E05E1652CB79}
		{7536842F-33EC-4FC7-B8E4-D741F5E18BFC} = {E2283CEC-AA60-4128-8058-E05E1652CB79}
	EndGlobalSection
	GlobalSection(ExtensibilityGlobals) = postSolution
		SolutionGuid = {39CF152C-4BD0-42A7-A568-9F7F8F2749E3}
	EndGlobalSection
EndGlobal
